// !$*UTF8*$!
{
	archiveVersion = 1;
	classes = {
	};
	objectVersion = 48;
	objects = {

/* Begin PBXBuildFile section */
		7FC51570204DE2A800BB2100 /* AppDelegate.swift in Sources */ = {isa = PBXBuildFile; fileRef = 7FC5156F204DE2A800BB2100 /* AppDelegate.swift */; };
		7FC51572204DE2A800BB2100 /* ViewController.swift in Sources */ = {isa = PBXBuildFile; fileRef = 7FC51571204DE2A800BB2100 /* ViewController.swift */; };
		7FC51575204DE2A800BB2100 /* Main.storyboard in Resources */ = {isa = PBXBuildFile; fileRef = 7FC51573204DE2A800BB2100 /* Main.storyboard */; };
		7FC51577204DE2A800BB2100 /* Assets.xcassets in Resources */ = {isa = PBXBuildFile; fileRef = 7FC51576204DE2A800BB2100 /* Assets.xcassets */; };
		7FC5157A204DE2A800BB2100 /* LaunchScreen.storyboard in Resources */ = {isa = PBXBuildFile; fileRef = 7FC51578204DE2A800BB2100 /* LaunchScreen.storyboard */; };
		7FC51585204DE2A800BB2100 /* AssignmentSevenTests.swift in Sources */ = {isa = PBXBuildFile; fileRef = 7FC51584204DE2A800BB2100 /* AssignmentSevenTests.swift */; };
		7FC51590204DE2A800BB2100 /* AssignmentSevenUITests.swift in Sources */ = {isa = PBXBuildFile; fileRef = 7FC5158F204DE2A800BB2100 /* AssignmentSevenUITests.swift */; };
/* End PBXBuildFile section */

/* Begin PBXContainerItemProxy section */
		7FC51581204DE2A800BB2100 /* PBXContainerItemProxy */ = {
			isa = PBXContainerItemProxy;
			containerPortal = 7FC51564204DE2A800BB2100 /* Project object */;
			proxyType = 1;
			remoteGlobalIDString = 7FC5156B204DE2A800BB2100;
			remoteInfo = AssignmentSeven;
		};
		7FC5158C204DE2A800BB2100 /* PBXContainerItemProxy */ = {
			isa = PBXContainerItemProxy;
			containerPortal = 7FC51564204DE2A800BB2100 /* Project object */;
			proxyType = 1;
			remoteGlobalIDString = 7FC5156B204DE2A800BB2100;
			remoteInfo = AssignmentSeven;
		};
/* End PBXContainerItemProxy section */

/* Begin PBXFileReference section */
		7FC5156C204DE2A800BB2100 /* AssignmentSeven.app */ = {isa = PBXFileReference; explicitFileType = wrapper.application; includeInIndex = 0; path = AssignmentSeven.app; sourceTree = BUILT_PRODUCTS_DIR; };
		7FC5156F204DE2A800BB2100 /* AppDelegate.swift */ = {isa = PBXFileReference; lastKnownFileType = sourcecode.swift; path = AppDelegate.swift; sourceTree = "<group>"; };
		7FC51571204DE2A800BB2100 /* ViewController.swift */ = {isa = PBXFileReference; lastKnownFileType = sourcecode.swift; path = ViewController.swift; sourceTree = "<group>"; };
		7FC51574204DE2A800BB2100 /* Base */ = {isa = PBXFileReference; lastKnownFileType = file.storyboard; name = Base; path = Base.lproj/Main.storyboard; sourceTree = "<group>"; };
		7FC51576204DE2A800BB2100 /* Assets.xcassets */ = {isa = PBXFileReference; lastKnownFileType = folder.assetcatalog; path = Assets.xcassets; sourceTree = "<group>"; };
		7FC51579204DE2A800BB2100 /* Base */ = {isa = PBXFileReference; lastKnownFileType = file.storyboard; name = Base; path = Base.lproj/LaunchScreen.storyboard; sourceTree = "<group>"; };
		7FC5157B204DE2A800BB2100 /* Info.plist */ = {isa = PBXFileReference; lastKnownFileType = text.plist.xml; path = Info.plist; sourceTree = "<group>"; };
		7FC51580204DE2A800BB2100 /* AssignmentSevenTests.xctest */ = {isa = PBXFileReference; explicitFileType = wrapper.cfbundle; includeInIndex = 0; path = AssignmentSevenTests.xctest; sourceTree = BUILT_PRODUCTS_DIR; };
		7FC51584204DE2A800BB2100 /* AssignmentSevenTests.swift */ = {isa = PBXFileReference; lastKnownFileType = sourcecode.swift; path = AssignmentSevenTests.swift; sourceTree = "<group>"; };
		7FC51586204DE2A800BB2100 /* Info.plist */ = {isa = PBXFileReference; lastKnownFileType = text.plist.xml; path = Info.plist; sourceTree = "<group>"; };
		7FC5158B204DE2A800BB2100 /* AssignmentSevenUITests.xctest */ = {isa = PBXFileReference; explicitFileType = wrapper.cfbundle; includeInIndex = 0; path = AssignmentSevenUITests.xctest; sourceTree = BUILT_PRODUCTS_DIR; };
		7FC5158F204DE2A800BB2100 /* AssignmentSevenUITests.swift */ = {isa = PBXFileReference; lastKnownFileType = sourcecode.swift; path = AssignmentSevenUITests.swift; sourceTree = "<group>"; };
		7FC51591204DE2A800BB2100 /* Info.plist */ = {isa = PBXFileReference; lastKnownFileType = text.plist.xml; path = Info.plist; sourceTree = "<group>"; };
/* End PBXFileReference section */

/* Begin PBXFrameworksBuildPhase section */
		7FC51569204DE2A800BB2100 /* Frameworks */ = {
			isa = PBXFrameworksBuildPhase;
			buildActionMask = 2147483647;
			files = (
			);
			runOnlyForDeploymentPostprocessing = 0;
		};
		7FC5157D204DE2A800BB2100 /* Frameworks */ = {
			isa = PBXFrameworksBuildPhase;
			buildActionMask = 2147483647;
			files = (
			);
			runOnlyForDeploymentPostprocessing = 0;
		};
		7FC51588204DE2A800BB2100 /* Frameworks */ = {
			isa = PBXFrameworksBuildPhase;
			buildActionMask = 2147483647;
			files = (
			);
			runOnlyForDeploymentPostprocessing = 0;
		};
/* End PBXFrameworksBuildPhase section */

/* Begin PBXGroup section */
		7FC51563204DE2A800BB2100 = {
			isa = PBXGroup;
			children = (
				7FC5156E204DE2A800BB2100 /* AssignmentSeven */,
				7FC51583204DE2A800BB2100 /* AssignmentSevenTests */,
				7FC5158E204DE2A800BB2100 /* AssignmentSevenUITests */,
				7FC5156D204DE2A800BB2100 /* Products */,
			);
			sourceTree = "<group>";
		};
		7FC5156D204DE2A800BB2100 /* Products */ = {
			isa = PBXGroup;
			children = (
				7FC5156C204DE2A800BB2100 /* AssignmentSeven.app */,
				7FC51580204DE2A800BB2100 /* AssignmentSevenTests.xctest */,
				7FC5158B204DE2A800BB2100 /* AssignmentSevenUITests.xctest */,
			);
			name = Products;
			sourceTree = "<group>";
		};
		7FC5156E204DE2A800BB2100 /* AssignmentSeven */ = {
			isa = PBXGroup;
			children = (
				7FC5156F204DE2A800BB2100 /* AppDelegate.swift */,
				7FC51571204DE2A800BB2100 /* ViewController.swift */,
				7FC51573204DE2A800BB2100 /* Main.storyboard */,
				7FC51576204DE2A800BB2100 /* Assets.xcassets */,
				7FC51578204DE2A800BB2100 /* LaunchScreen.storyboard */,
				7FC5157B204DE2A800BB2100 /* Info.plist */,
			);
			path = AssignmentSeven;
			sourceTree = "<group>";
		};
		7FC51583204DE2A800BB2100 /* AssignmentSevenTests */ = {
			isa = PBXGroup;
			children = (
				7FC51584204DE2A800BB2100 /* AssignmentSevenTests.swift */,
				7FC51586204DE2A800BB2100 /* Info.plist */,
			);
			path = AssignmentSevenTests;
			sourceTree = "<group>";
		};
		7FC5158E204DE2A800BB2100 /* AssignmentSevenUITests */ = {
			isa = PBXGroup;
			children = (
				7FC5158F204DE2A800BB2100 /* AssignmentSevenUITests.swift */,
				7FC51591204DE2A800BB2100 /* Info.plist */,
			);
			path = AssignmentSevenUITests;
			sourceTree = "<group>";
		};
/* End PBXGroup section */

/* Begin PBXNativeTarget section */
		7FC5156B204DE2A800BB2100 /* AssignmentSeven */ = {
			isa = PBXNativeTarget;
			buildConfigurationList = 7FC51594204DE2A800BB2100 /* Build configuration list for PBXNativeTarget "AssignmentSeven" */;
			buildPhases = (
				7FC51568204DE2A800BB2100 /* Sources */,
				7FC51569204DE2A800BB2100 /* Frameworks */,
				7FC5156A204DE2A800BB2100 /* Resources */,
			);
			buildRules = (
			);
			dependencies = (
			);
			name = AssignmentSeven;
			productName = AssignmentSeven;
			productReference = 7FC5156C204DE2A800BB2100 /* AssignmentSeven.app */;
			productType = "com.apple.product-type.application";
		};
		7FC5157F204DE2A800BB2100 /* AssignmentSevenTests */ = {
			isa = PBXNativeTarget;
			buildConfigurationList = 7FC51597204DE2A800BB2100 /* Build configuration list for PBXNativeTarget "AssignmentSevenTests" */;
			buildPhases = (
				7FC5157C204DE2A800BB2100 /* Sources */,
				7FC5157D204DE2A800BB2100 /* Frameworks */,
				7FC5157E204DE2A800BB2100 /* Resources */,
			);
			buildRules = (
			);
			dependencies = (
				7FC51582204DE2A800BB2100 /* PBXTargetDependency */,
			);
			name = AssignmentSevenTests;
			productName = AssignmentSevenTests;
			productReference = 7FC51580204DE2A800BB2100 /* AssignmentSevenTests.xctest */;
			productType = "com.apple.product-type.bundle.unit-test";
		};
		7FC5158A204DE2A800BB2100 /* AssignmentSevenUITests */ = {
			isa = PBXNativeTarget;
			buildConfigurationList = 7FC5159A204DE2A800BB2100 /* Build configuration list for PBXNativeTarget "AssignmentSevenUITests" */;
			buildPhases = (
				7FC51587204DE2A800BB2100 /* Sources */,
				7FC51588204DE2A800BB2100 /* Frameworks */,
				7FC51589204DE2A800BB2100 /* Resources */,
			);
			buildRules = (
			);
			dependencies = (
				7FC5158D204DE2A800BB2100 /* PBXTargetDependency */,
			);
			name = AssignmentSevenUITests;
			productName = AssignmentSevenUITests;
			productReference = 7FC5158B204DE2A800BB2100 /* AssignmentSevenUITests.xctest */;
			productType = "com.apple.product-type.bundle.ui-testing";
		};
/* End PBXNativeTarget section */

/* Begin PBXProject section */
		7FC51564204DE2A800BB2100 /* Project object */ = {
			isa = PBXProject;
			attributes = {
				LastSwiftUpdateCheck = 0920;
				LastUpgradeCheck = 0920;
				ORGANIZATIONNAME = "CM Student";
				TargetAttributes = {
					7FC5156B204DE2A800BB2100 = {
						CreatedOnToolsVersion = 9.2;
						ProvisioningStyle = Automatic;
					};
					7FC5157F204DE2A800BB2100 = {
						CreatedOnToolsVersion = 9.2;
						ProvisioningStyle = Automatic;
						TestTargetID = 7FC5156B204DE2A800BB2100;
					};
					7FC5158A204DE2A800BB2100 = {
						CreatedOnToolsVersion = 9.2;
						ProvisioningStyle = Automatic;
						TestTargetID = 7FC5156B204DE2A800BB2100;
					};
				};
			};
			buildConfigurationList = 7FC51567204DE2A800BB2100 /* Build configuration list for PBXProject "AssignmentSeven" */;
			compatibilityVersion = "Xcode 8.0";
			developmentRegion = en;
			hasScannedForEncodings = 0;
			knownRegions = (
				en,
				Base,
			);
			mainGroup = 7FC51563204DE2A800BB2100;
			productRefGroup = 7FC5156D204DE2A800BB2100 /* Products */;
			projectDirPath = "";
			projectRoot = "";
			targets = (
				7FC5156B204DE2A800BB2100 /* AssignmentSeven */,
				7FC5157F204DE2A800BB2100 /* AssignmentSevenTests */,
				7FC5158A204DE2A800BB2100 /* AssignmentSevenUITests */,
			);
		};
/* End PBXProject section */

/* Begin PBXResourcesBuildPhase section */
		7FC5156A204DE2A800BB2100 /* Resources */ = {
			isa = PBXResourcesBuildPhase;
			buildActionMask = 2147483647;
			files = (
				7FC5157A204DE2A800BB2100 /* LaunchScreen.storyboard in Resources */,
				7FC51577204DE2A800BB2100 /* Assets.xcassets in Resources */,
				7FC51575204DE2A800BB2100 /* Main.storyboard in Resources */,
			);
			runOnlyForDeploymentPostprocessing = 0;
		};
		7FC5157E204DE2A800BB2100 /* Resources */ = {
			isa = PBXResourcesBuildPhase;
			buildActionMask = 2147483647;
			files = (
			);
			runOnlyForDeploymentPostprocessing = 0;
		};
		7FC51589204DE2A800BB2100 /* Resources */ = {
			isa = PBXResourcesBuildPhase;
			buildActionMask = 2147483647;
			files = (
			);
			runOnlyForDeploymentPostprocessing = 0;
		};
/* End PBXResourcesBuildPhase section */

/* Begin PBXSourcesBuildPhase section */
		7FC51568204DE2A800BB2100 /* Sources */ = {
			isa = PBXSourcesBuildPhase;
			buildActionMask = 2147483647;
			files = (
				7FC51572204DE2A800BB2100 /* ViewController.swift in Sources */,
				7FC51570204DE2A800BB2100 /* AppDelegate.swift in Sources */,
			);
			runOnlyForDeploymentPostprocessing = 0;
		};
		7FC5157C204DE2A800BB2100 /* Sources */ = {
			isa = PBXSourcesBuildPhase;
			buildActionMask = 2147483647;
			files = (
				7FC51585204DE2A800BB2100 /* AssignmentSevenTests.swift in Sources */,
			);
			runOnlyForDeploymentPostprocessing = 0;
		};
		7FC51587204DE2A800BB2100 /* Sources */ = {
			isa = PBXSourcesBuildPhase;
			buildActionMask = 2147483647;
			files = (
				7FC51590204DE2A800BB2100 /* AssignmentSevenUITests.swift in Sources */,
			);
			runOnlyForDeploymentPostprocessing = 0;
		};
/* End PBXSourcesBuildPhase section */

/* Begin PBXTargetDependency section */
		7FC51582204DE2A800BB2100 /* PBXTargetDependency */ = {
			isa = PBXTargetDependency;
			target = 7FC5156B204DE2A800BB2100 /* AssignmentSeven */;
			targetProxy = 7FC51581204DE2A800BB2100 /* PBXContainerItemProxy */;
		};
		7FC5158D204DE2A800BB2100 /* PBXTargetDependency */ = {
			isa = PBXTargetDependency;
			target = 7FC5156B204DE2A800BB2100 /* AssignmentSeven */;
			targetProxy = 7FC5158C204DE2A800BB2100 /* PBXContainerItemProxy */;
		};
/* End PBXTargetDependency section */

/* Begin PBXVariantGroup section */
		7FC51573204DE2A800BB2100 /* Main.storyboard */ = {
			isa = PBXVariantGroup;
			children = (
				7FC51574204DE2A800BB2100 /* Base */,
			);
			name = Main.storyboard;
			sourceTree = "<group>";
		};
		7FC51578204DE2A800BB2100 /* LaunchScreen.storyboard */ = {
			isa = PBXVariantGroup;
			children = (
				7FC51579204DE2A800BB2100 /* Base */,
			);
			name = LaunchScreen.storyboard;
			sourceTree = "<group>";
		};
/* End PBXVariantGroup section */

/* Begin XCBuildConfiguration section */
		7FC51592204DE2A800BB2100 /* Debug */ = {
			isa = XCBuildConfiguration;
			buildSettings = {
				ALWAYS_SEARCH_USER_PATHS = NO;
				CLANG_ANALYZER_NONNULL = YES;
				CLANG_ANALYZER_NUMBER_OBJECT_CONVERSION = YES_AGGRESSIVE;
				CLANG_CXX_LANGUAGE_STANDARD = "gnu++14";
				CLANG_CXX_LIBRARY = "libc++";
				CLANG_ENABLE_MODULES = YES;
				CLANG_ENABLE_OBJC_ARC = YES;
				CLANG_WARN_BLOCK_CAPTURE_AUTORELEASING = YES;
				CLANG_WARN_BOOL_CONVERSION = YES;
				CLANG_WARN_COMMA = YES;
				CLANG_WARN_CONSTANT_CONVERSION = YES;
				CLANG_WARN_DIRECT_OBJC_ISA_USAGE = YES_ERROR;
				CLANG_WARN_DOCUMENTATION_COMMENTS = YES;
				CLANG_WARN_EMPTY_BODY = YES;
				CLANG_WARN_ENUM_CONVERSION = YES;
				CLANG_WARN_INFINITE_RECURSION = YES;
				CLANG_WARN_INT_CONVERSION = YES;
				CLANG_WARN_NON_LITERAL_NULL_CONVERSION = YES;
				CLANG_WARN_OBJC_LITERAL_CONVERSION = YES;
				CLANG_WARN_OBJC_ROOT_CLASS = YES_ERROR;
				CLANG_WARN_RANGE_LOOP_ANALYSIS = YES;
				CLANG_WARN_STRICT_PROTOTYPES = YES;
				CLANG_WARN_SUSPICIOUS_MOVE = YES;
				CLANG_WARN_UNGUARDED_AVAILABILITY = YES_AGGRESSIVE;
				CLANG_WARN_UNREACHABLE_CODE = YES;
				CLANG_WARN__DUPLICATE_METHOD_MATCH = YES;
				CODE_SIGN_IDENTITY = "iPhone Developer";
				COPY_PHASE_STRIP = NO;
				DEBUG_INFORMATION_FORMAT = dwarf;
				ENABLE_STRICT_OBJC_MSGSEND = YES;
				ENABLE_TESTABILITY = YES;
				GCC_C_LANGUAGE_STANDARD = gnu11;
				GCC_DYNAMIC_NO_PIC = NO;
				GCC_NO_COMMON_BLOCKS = YES;
				GCC_OPTIMIZATION_LEVEL = 0;
				GCC_PREPROCESSOR_DEFINITIONS = (
					"DEBUG=1",
					"$(inherited)",
				);
				GCC_WARN_64_TO_32_BIT_CONVERSION = YES;
				GCC_WARN_ABOUT_RETURN_TYPE = YES_ERROR;
				GCC_WARN_UNDECLARED_SELECTOR = YES;
				GCC_WARN_UNINITIALIZED_AUTOS = YES_AGGRESSIVE;
				GCC_WARN_UNUSED_FUNCTION = YES;
				GCC_WARN_UNUSED_VARIABLE = YES;
				IPHONEOS_DEPLOYMENT_TARGET = 11.2;
				MTL_ENABLE_DEBUG_INFO = YES;
				ONLY_ACTIVE_ARCH = YES;
				SDKROOT = iphoneos;
				SWIFT_ACTIVE_COMPILATION_CONDITIONS = DEBUG;
				SWIFT_OPTIMIZATION_LEVEL = "-Onone";
			};
			name = Debug;
		};
		7FC51593204DE2A800BB2100 /* Release */ = {
			isa = XCBuildConfiguration;
			buildSettings = {
				ALWAYS_SEARCH_USER_PATHS = NO;
				CLANG_ANALYZER_NONNULL = YES;
				CLANG_ANALYZER_NUMBER_OBJECT_CONVERSION = YES_AGGRESSIVE;
				CLANG_CXX_LANGUAGE_STANDARD = "gnu++14";
				CLANG_CXX_LIBRARY = "libc++";
				CLANG_ENABLE_MODULES = YES;
				CLANG_ENABLE_OBJC_ARC = YES;
				CLANG_WARN_BLOCK_CAPTURE_AUTORELEASING = YES;
				CLANG_WARN_BOOL_CONVERSION = YES;
				CLANG_WARN_COMMA = YES;
				CLANG_WARN_CONSTANT_CONVERSION = YES;
				CLANG_WARN_DIRECT_OBJC_ISA_USAGE = YES_ERROR;
				CLANG_WARN_DOCUMENTATION_COMMENTS = YES;
				CLANG_WARN_EMPTY_BODY = YES;
				CLANG_WARN_ENUM_CONVERSION = YES;
				CLANG_WARN_INFINITE_RECURSION = YES;
				CLANG_WARN_INT_CONVERSION = YES;
				CLANG_WARN_NON_LITERAL_NULL_CONVERSION = YES;
				CLANG_WARN_OBJC_LITERAL_CONVERSION = YES;
				CLANG_WARN_OBJC_ROOT_CLASS = YES_ERROR;
				CLANG_WARN_RANGE_LOOP_ANALYSIS = YES;
				CLANG_WARN_STRICT_PROTOTYPES = YES;
				CLANG_WARN_SUSPICIOUS_MOVE = YES;
				CLANG_WARN_UNGUARDED_AVAILABILITY = YES_AGGRESSIVE;
				CLANG_WARN_UNREACHABLE_CODE = YES;
				CLANG_WARN__DUPLICATE_METHOD_MATCH = YES;
				CODE_SIGN_IDENTITY = "iPhone Developer";
				COPY_PHASE_STRIP = NO;
				DEBUG_INFORMATION_FORMAT = "dwarf-with-dsym";
				ENABLE_NS_ASSERTIONS = NO;
				ENABLE_STRICT_OBJC_MSGSEND = YES;
				GCC_C_LANGUAGE_STANDARD = gnu11;
				GCC_NO_COMMON_BLOCKS = YES;
				GCC_WARN_64_TO_32_BIT_CONVERSION = YES;
				GCC_WARN_ABOUT_RETURN_TYPE = YES_ERROR;
				GCC_WARN_UNDECLARED_SELECTOR = YES;
				GCC_WARN_UNINITIALIZED_AUTOS = YES_AGGRESSIVE;
				GCC_WARN_UNUSED_FUNCTION = YES;
				GCC_WARN_UNUSED_VARIABLE = YES;
				IPHONEOS_DEPLOYMENT_TARGET = 11.2;
				MTL_ENABLE_DEBUG_INFO = NO;
				SDKROOT = iphoneos;
				SWIFT_OPTIMIZATION_LEVEL = "-Owholemodule";
				VALIDATE_PRODUCT = YES;
			};
			name = Release;
		};
		7FC51595204DE2A800BB2100 /* Debug */ = {
			isa = XCBuildConfiguration;
			buildSettings = {
				ASSETCATALOG_COMPILER_APPICON_NAME = AppIcon;
				CODE_SIGN_STYLE = Automatic;
				INFOPLIST_FILE = AssignmentSeven/Info.plist;
				LD_RUNPATH_SEARCH_PATHS = "$(inherited) @executable_path/Frameworks";
				PRODUCT_BUNDLE_IDENTIFIER = UHWO.AssignmentSeven;
				PRODUCT_NAME = "$(TARGET_NAME)";
				SWIFT_VERSION = 4.0;
				TARGETED_DEVICE_FAMILY = "1,2";
			};
			name = Debug;
		};
		7FC51596204DE2A800BB2100 /* Release */ = {
			isa = XCBuildConfiguration;
			buildSettings = {
				ASSETCATALOG_COMPILER_APPICON_NAME = AppIcon;
				CODE_SIGN_STYLE = Automatic;
				INFOPLIST_FILE = AssignmentSeven/Info.plist;
				LD_RUNPATH_SEARCH_PATHS = "$(inherited) @executable_path/Frameworks";
				PRODUCT_BUNDLE_IDENTIFIER = UHWO.AssignmentSeven;
				PRODUCT_NAME = "$(TARGET_NAME)";
				SWIFT_VERSION = 4.0;
				TARGETED_DEVICE_FAMILY = "1,2";
			};
			name = Release;
		};
		7FC51598204DE2A800BB2100 /* Debug */ = {
			isa = XCBuildConfiguration;
			buildSettings = {
				ALWAYS_EMBED_SWIFT_STANDARD_LIBRARIES = YES;
				BUNDLE_LOADER = "$(TEST_HOST)";
				CODE_SIGN_STYLE = Automatic;
				INFOPLIST_FILE = AssignmentSevenTests/Info.plist;
				LD_RUNPATH_SEARCH_PATHS = "$(inherited) @executable_path/Frameworks @loader_path/Frameworks";
				PRODUCT_BUNDLE_IDENTIFIER = UHWO.AssignmentSevenTests;
				PRODUCT_NAME = "$(TARGET_NAME)";
				SWIFT_VERSION = 4.0;
				TARGETED_DEVICE_FAMILY = "1,2";
				TEST_HOST = "$(BUILT_PRODUCTS_DIR)/AssignmentSeven.app/AssignmentSeven";
			};
			name = Debug;
		};
		7FC51599204DE2A800BB2100 /* Release */ = {
			isa = XCBuildConfiguration;
			buildSettings = {
				ALWAYS_EMBED_SWIFT_STANDARD_LIBRARIES = YES;
				BUNDLE_LOADER = "$(TEST_HOST)";
				CODE_SIGN_STYLE = Automatic;
				INFOPLIST_FILE = AssignmentSevenTests/Info.plist;
				LD_RUNPATH_SEARCH_PATHS = "$(inherited) @executable_path/Frameworks @loader_path/Frameworks";
				PRODUCT_BUNDLE_IDENTIFIER = UHWO.AssignmentSevenTests;
				PRODUCT_NAME = "$(TARGET_NAME)";
				SWIFT_VERSION = 4.0;
				TARGETED_DEVICE_FAMILY = "1,2";
				TEST_HOST = "$(BUILT_PRODUCTS_DIR)/AssignmentSeven.app/AssignmentSeven";
			};
			name = Release;
		};
		7FC5159B204DE2A800BB2100 /* Debug */ = {
			isa = XCBuildConfiguration;
			buildSettings = {
				ALWAYS_EMBED_SWIFT_STANDARD_LIBRARIES = YES;
				CODE_SIGN_STYLE = Automatic;
				INFOPLIST_FILE = AssignmentSevenUITests/Info.plist;
				LD_RUNPATH_SEARCH_PATHS = "$(inherited) @executable_path/Frameworks @loader_path/Frameworks";
				PRODUCT_BUNDLE_IDENTIFIER = UHWO.AssignmentSevenUITests;
				PRODUCT_NAME = "$(TARGET_NAME)";
				SWIFT_VERSION = 4.0;
				TARGETED_DEVICE_FAMILY = "1,2";
				TEST_TARGET_NAME = AssignmentSeven;
			};
			name = Debug;
		};
		7FC5159C204DE2A800BB2100 /* Release */ = {
			isa = XCBuildConfiguration;
			buildSettings = {
				ALWAYS_EMBED_SWIFT_STANDARD_LIBRARIES = YES;
				CODE_SIGN_STYLE = Automatic;
				INFOPLIST_FILE = AssignmentSevenUITests/Info.plist;
				LD_RUNPATH_SEARCH_PATHS = "$(inherited) @executable_path/Frameworks @loader_path/Frameworks";
				PRODUCT_BUNDLE_IDENTIFIER = UHWO.AssignmentSevenUITests;
				PRODUCT_NAME = "$(TARGET_NAME)";
				SWIFT_VERSION = 4.0;
				TARGETED_DEVICE_FAMILY = "1,2";
				TEST_TARGET_NAME = AssignmentSeven;
			};
			name = Release;
		};
/* End XCBuildConfiguration section */

/* Begin XCConfigurationList section */
		7FC51567204DE2A800BB2100 /* Build configuration list for PBXProject "AssignmentSeven" */ = {
			isa = XCConfigurationList;
			buildConfigurations = (
				7FC51592204DE2A800BB2100 /* Debug */,
				7FC51593204DE2A800BB2100 /* Release */,
			);
			defaultConfigurationIsVisible = 0;
			defaultConfigurationName = Release;
		};
		7FC51594204DE2A800BB2100 /* Build configuration list for PBXNativeTarget "AssignmentSeven" */ = {
			isa = XCConfigurationList;
			buildConfigurations = (
				7FC51595204DE2A800BB2100 /* Debug */,
				7FC51596204DE2A800BB2100 /* Release */,
			);
			defaultConfigurationIsVisible = 0;
			defaultConfigurationName = Release;
		};
		7FC51597204DE2A800BB2100 /* Build configuration list for PBXNativeTarget "AssignmentSevenTests" */ = {
			isa = XCConfigurationList;
			buildConfigurations = (
				7FC51598204DE2A800BB2100 /* Debug */,
				7FC51599204DE2A800BB2100 /* Release */,
			);
			defaultConfigurationIsVisible = 0;
			defaultConfigurationName = Release;
		};
		7FC5159A204DE2A800BB2100 /* Build configuration list for PBXNativeTarget "AssignmentSevenUITests" */ = {
			isa = XCConfigurationList;
			buildConfigurations = (
				7FC5159B204DE2A800BB2100 /* Debug */,
				7FC5159C204DE2A800BB2100 /* Release */,
			);
			defaultConfigurationIsVisible = 0;
			defaultConfigurationName = Release;
		};
/* End XCConfigurationList section */
	};
	rootObject = 7FC51564204DE2A800BB2100 /* Project object */;
}
